
Microsoft Visual Studio Solution File, Format Version 12.00
# Visual Studio Version 16
VisualStudioVersion = 16.0.31025.218
MinimumVisualStudioVersion = 10.0.40219.1
Project("{FAE04EC0-301F-11D3-BF4B-00C04F79EFBC}") = "HotReloadTest.Server", "HotReloadTest\Server\HotReloadTest.Server.csproj", "{6E01D8A5-6449-48A9-9E0F-8714A9C93918}"
EndProject
Project("{FAE04EC0-301F-11D3-BF4B-00C04F79EFBC}") = "HotReloadTest.Client", "HotReloadTest\Client\HotReloadTest.Client.csproj", "{C3A24BE9-17B8-49BB-97D0-5A83603AAF4D}"
EndProject
Project("{FAE04EC0-301F-11D3-BF4B-00C04F79EFBC}") = "HotReloadTest.Shared", "HotReloadTest\Shared\HotReloadTest.Shared.csproj", "{4F313A60-5745-4BA5-9206-E1AFA31A10DC}"
EndProject
Global
	GlobalSection(SolutionConfigurationPlatforms) = preSolution
		Debug|Any CPU = Debug|Any CPU
		Release|Any CPU = Release|Any CPU
	EndGlobalSection
	GlobalSection(ProjectConfigurationPlatforms) = postSolution
		{6E01D8A5-6449-48A9-9E0F-8714A9C93918}.Debug|Any CPU.ActiveCfg = Debug|Any CPU
		{6E01D8A5-6449-48A9-9E0F-8714A9C93918}.Debug|Any CPU.Build.0 = Debug|Any CPU
		{6E01D8A5-6449-48A9-9E0F-8714A9C93918}.Release|Any CPU.ActiveCfg = Release|Any CPU
		{6E01D8A5-6449-48A9-9E0F-8714A9C93918}.Release|Any CPU.Build.0 = Release|Any CPU
		{C3A24BE9-17B8-49BB-97D0-5A83603AAF4D}.Debug|Any CPU.ActiveCfg = Debug|Any CPU
		{C3A24BE9-17B8-49BB-97D0-5A83603AAF4D}.Debug|Any CPU.Build.0 = Debug|Any CPU
		{C3A24BE9-17B8-49BB-97D0-5A83603AAF4D}.Release|Any CPU.ActiveCfg = Release|Any CPU
		{C3A24BE9-17B8-49BB-97D0-5A83603AAF4D}.Release|Any CPU.Build.0 = Release|Any CPU
		{4F313A60-5745-4BA5-9206-E1AFA31A10DC}.Debug|Any CPU.ActiveCfg = Debug|Any CPU
		{4F313A60-5745-4BA5-9206-E1AFA31A10DC}.Debug|Any CPU.Build.0 = Debug|Any CPU
		{4F313A60-5745-4BA5-9206-E1AFA31A10DC}.Release|Any CPU.ActiveCfg = Release|Any CPU
		{4F313A60-5745-4BA5-9206-E1AFA31A10DC}.Release|Any CPU.Build.0 = Release|Any CPU
	EndGlobalSection
	GlobalSection(SolutionProperties) = preSolution
		HideSolutionNode = FALSE
	EndGlobalSection
	GlobalSection(ExtensibilityGlobals) = postSolution
		SolutionGuid = {78B38108-07D4-40BE-958E-CD66504441CF}
	EndGlobalSection
EndGlobal
